
Microsoft Visual Studio Solution File, Format Version 12.00
# Visual Studio Version 17
VisualStudioVersion = 17.3.32819.101
MinimumVisualStudioVersion = 10.0.40219.1
Project("{9A19103F-16F7-4668-BE54-9A1E7A4F7556}") = "CrudApp", "CrudApp\CrudApp.csproj", "{58CC2EA1-9AA7-4CF5-8FB0-08E0118CD87F}"
EndProject
Project("{9A19103F-16F7-4668-BE54-9A1E7A4F7556}") = "Tests", "Tests\Tests.csproj", "{0D729035-064A-4DFD-8F45-570826DD33F7}"
EndProject
Project("{FAE04EC0-301F-11D3-BF4B-00C04F79EFBC}") = "Entities", "Entities\Entities.csproj", "{B45319BA-D124-4A44-B387-EA7A64F5F63C}"
EndProject
Project("{FAE04EC0-301F-11D3-BF4B-00C04F79EFBC}") = "ServiceContracts", "ServiceContracts\ServiceContracts.csproj", "{0779475E-21B9-4E9C-80AC-D7D70FC7F48E}"
EndProject
Project("{FAE04EC0-301F-11D3-BF4B-00C04F79EFBC}") = "Services", "Services\Services.csproj", "{19E533C3-5582-4DFD-BB77-A955EBF912FB}"
EndProject
Global
	GlobalSection(SolutionConfigurationPlatforms) = preSolution
		Debug|Any CPU = Debug|Any CPU
		Release|Any CPU = Release|Any CPU
	EndGlobalSection
	GlobalSection(ProjectConfigurationPlatforms) = postSolution
		{58CC2EA1-9AA7-4CF5-8FB0-08E0118CD87F}.Debug|Any CPU.ActiveCfg = Debug|Any CPU
		{58CC2EA1-9AA7-4CF5-8FB0-08E0118CD87F}.Debug|Any CPU.Build.0 = Debug|Any CPU
		{58CC2EA1-9AA7-4CF5-8FB0-08E0118CD87F}.Release|Any CPU.ActiveCfg = Release|Any CPU
		{58CC2EA1-9AA7-4CF5-8FB0-08E0118CD87F}.Release|Any CPU.Build.0 = Release|Any CPU
		{0D729035-064A-4DFD-8F45-570826DD33F7}.Debug|Any CPU.ActiveCfg = Debug|Any CPU
		{0D729035-064A-4DFD-8F45-570826DD33F7}.Debug|Any CPU.Build.0 = Debug|Any CPU
		{0D729035-064A-4DFD-8F45-570826DD33F7}.Release|Any CPU.ActiveCfg = Release|Any CPU
		{0D729035-064A-4DFD-8F45-570826DD33F7}.Release|Any CPU.Build.0 = Release|Any CPU
		{B45319BA-D124-4A44-B387-EA7A64F5F63C}.Debug|Any CPU.ActiveCfg = Debug|Any CPU
		{B45319BA-D124-4A44-B387-EA7A64F5F63C}.Debug|Any CPU.Build.0 = Debug|Any CPU
		{B45319BA-D124-4A44-B387-EA7A64F5F63C}.Release|Any CPU.ActiveCfg = Release|Any CPU
		{B45319BA-D124-4A44-B387-EA7A64F5F63C}.Release|Any CPU.Build.0 = Release|Any CPU
		{0779475E-21B9-4E9C-80AC-D7D70FC7F48E}.Debug|Any CPU.ActiveCfg = Debug|Any CPU
		{0779475E-21B9-4E9C-80AC-D7D70FC7F48E}.Debug|Any CPU.Build.0 = Debug|Any CPU
		{0779475E-21B9-4E9C-80AC-D7D70FC7F48E}.Release|Any CPU.ActiveCfg = Release|Any CPU
		{0779475E-21B9-4E9C-80AC-D7D70FC7F48E}.Release|Any CPU.Build.0 = Release|Any CPU
		{19E533C3-5582-4DFD-BB77-A955EBF912FB}.Debug|Any CPU.ActiveCfg = Debug|Any CPU
		{19E533C3-5582-4DFD-BB77-A955EBF912FB}.Debug|Any CPU.Build.0 = Debug|Any CPU
		{19E533C3-5582-4DFD-BB77-A955EBF912FB}.Release|Any CPU.ActiveCfg = Release|Any CPU
		{19E533C3-5582-4DFD-BB77-A955EBF912FB}.Release|Any CPU.Build.0 = Release|Any CPU
	EndGlobalSection
	GlobalSection(SolutionProperties) = preSolution
		HideSolutionNode = FALSE
	EndGlobalSection
	GlobalSection(ExtensibilityGlobals) = postSolution
		SolutionGuid = {8A868F07-621E-4CC6-AC14-9916F50499B3}
	EndGlobalSection
EndGlobal
